NeoBundleLock neobundle.vim 5f3b67166d8a4b1dd073aea39850058521fe891f
NeoBundleLock neomru.vim 6e6ca0454fbe67ab01cfe9c8588546c9af156944
NeoBundleLock shabadou.vim c5af30bb0c028d53cfd89e00cab636c844034a9a
NeoBundleLock syntastic a6012f2b4c62a2385bc4292090115f8c9c9d7611
NeoBundleLock unite-quickfix f9b8d5f95ff2536abca1e81bd67dc740e5ee24a6
NeoBundleLock unite.vim c3265691a917aa22ae18ed422f255d5f0e43d2ec
NeoBundleLock vim-coffee-script 32fe889b8cafd3a4921ef8e6485156453ff58c42
NeoBundleLock vim-easy-align 1206c65dcb87488900b5ac193965268f0ce2c574
NeoBundleLock vim-indent-guides 4895e860258cd24c975255ef459af4b956107557
NeoBundleLock vim-quickrun 4eb2c80c7d52cc9d806cf8ac4317717ae7064fb9
NeoBundleLock vimproc.vim 0555aecded8737435747e903efc4b6f3241cc62c
