NeoBundleLock neobundle.vim 92bfcb3c5ece7de46d728bcaf1ef0f3959a6bb58
NeoBundleLock neomru.vim d462216d2387818af245fcb13669a5a19e6cf49f
NeoBundleLock unite.vim d462216d2387818af245fcb13669a5a19e6cf49f
NeoBundleLock vim-easy-align d462216d2387818af245fcb13669a5a19e6cf49f
NeoBundleLock vimproc.vim c286dcbdfca9e0ee1a4cb90f09c3f03638112f5a
